
Microsoft Visual Studio Solution File, Format Version 12.00
# Visual Studio 2012
Project("{FAE04EC0-301F-11D3-BF4B-00C04F79EFBC}") = "MathParser", "MathParser\MathParser.csproj", "{4785E312-FB9C-413B-8E94-AD16A963CC7D}"
EndProject
Project("{FAE04EC0-301F-11D3-BF4B-00C04F79EFBC}") = "MathParserTests", "MathParserTests\MathParserTests.csproj", "{AB761309-3DE5-45BA-AA77-939975A39BFC}"
EndProject
Global
	GlobalSection(SolutionConfigurationPlatforms) = preSolution
		Debug|Any CPU = Debug|Any CPU
		Release|Any CPU = Release|Any CPU
	EndGlobalSection
	GlobalSection(ProjectConfigurationPlatforms) = postSolution
		{4785E312-FB9C-413B-8E94-AD16A963CC7D}.Debug|Any CPU.ActiveCfg = Debug|Any CPU
		{4785E312-FB9C-413B-8E94-AD16A963CC7D}.Debug|Any CPU.Build.0 = Debug|Any CPU
		{4785E312-FB9C-413B-8E94-AD16A963CC7D}.Release|Any CPU.ActiveCfg = Release|Any CPU
		{4785E312-FB9C-413B-8E94-AD16A963CC7D}.Release|Any CPU.Build.0 = Release|Any CPU
		{AB761309-3DE5-45BA-AA77-939975A39BFC}.Debug|Any CPU.ActiveCfg = Debug|Any CPU
		{AB761309-3DE5-45BA-AA77-939975A39BFC}.Debug|Any CPU.Build.0 = Debug|Any CPU
		{AB761309-3DE5-45BA-AA77-939975A39BFC}.Release|Any CPU.ActiveCfg = Release|Any CPU
		{AB761309-3DE5-45BA-AA77-939975A39BFC}.Release|Any CPU.Build.0 = Release|Any CPU
	EndGlobalSection
	GlobalSection(SolutionProperties) = preSolution
		HideSolutionNode = FALSE
	EndGlobalSection
EndGlobal
